
Microsoft Visual Studio Solution File, Format Version 12.00
# Visual Studio Version 16
VisualStudioVersion = 16.0.30330.147
MinimumVisualStudioVersion = 10.0.40219.1
Project("{FAE04EC0-301F-11D3-BF4B-00C04F79EFBC}") = "MinecraftTranslatorTool", "MinecraftTranslatorTool.csproj", "{47541F3A-0734-4C7F-A5C0-7FBA9BCCFBF0}"
EndProject
Global
	GlobalSection(SolutionConfigurationPlatforms) = preSolution
		Debug|Any CPU = Debug|Any CPU
		Release|Any CPU = Release|Any CPU
	EndGlobalSection
	GlobalSection(ProjectConfigurationPlatforms) = postSolution
		{47541F3A-0734-4C7F-A5C0-7FBA9BCCFBF0}.Debug|Any CPU.ActiveCfg = Debug|Any CPU
		{47541F3A-0734-4C7F-A5C0-7FBA9BCCFBF0}.Debug|Any CPU.Build.0 = Debug|Any CPU
		{47541F3A-0734-4C7F-A5C0-7FBA9BCCFBF0}.Release|Any CPU.ActiveCfg = Release|Any CPU
		{47541F3A-0734-4C7F-A5C0-7FBA9BCCFBF0}.Release|Any CPU.Build.0 = Release|Any CPU
	EndGlobalSection
	GlobalSection(SolutionProperties) = preSolution
		HideSolutionNode = FALSE
	EndGlobalSection
	GlobalSection(ExtensibilityGlobals) = postSolution
		SolutionGuid = {82B179D4-9529-47C4-B43C-2C3396E8C38C}
	EndGlobalSection
EndGlobal
